
Microsoft Visual Studio Solution File, Format Version 12.00
# Visual Studio Version 17
VisualStudioVersion = 17.14.36203.30
MinimumVisualStudioVersion = 10.0.40219.1
Project("{FAE04EC0-301F-11D3-BF4B-00C04F79EFBC}") = "WebShopMVC", "WebShopMVC.csproj", "{8E6A5A07-BD0F-4203-AB79-027A64BDABDE}"
EndProject
Global
	GlobalSection(SolutionConfigurationPlatforms) = preSolution
		Debug|Any CPU = Debug|Any CPU
		Release|Any CPU = Release|Any CPU
	EndGlobalSection
	GlobalSection(ProjectConfigurationPlatforms) = postSolution
		{8E6A5A07-BD0F-4203-AB79-027A64BDABDE}.Debug|Any CPU.ActiveCfg = Debug|Any CPU
		{8E6A5A07-BD0F-4203-AB79-027A64BDABDE}.Debug|Any CPU.Build.0 = Debug|Any CPU
		{8E6A5A07-BD0F-4203-AB79-027A64BDABDE}.Release|Any CPU.ActiveCfg = Release|Any CPU
		{8E6A5A07-BD0F-4203-AB79-027A64BDABDE}.Release|Any CPU.Build.0 = Release|Any CPU
	EndGlobalSection
	GlobalSection(SolutionProperties) = preSolution
		HideSolutionNode = FALSE
	EndGlobalSection
	GlobalSection(ExtensibilityGlobals) = postSolution
		SolutionGuid = {9D9934B7-CBAA-4DF9-AA47-A2F540AE6A6D}
	EndGlobalSection
EndGlobal
